
Microsoft Visual Studio Solution File, Format Version 12.00
# Visual Studio Version 17
VisualStudioVersion = 17.2.32526.322
MinimumVisualStudioVersion = 10.0.40219.1
Project("{FAE04EC0-301F-11D3-BF4B-00C04F79EFBC}") = "Gamechain.Web", "Gamechain.Web\Gamechain.Web.csproj", "{71359EB5-5965-4A0B-BF15-F1FE81F4C911}"
EndProject
Global
	GlobalSection(SolutionConfigurationPlatforms) = preSolution
		Debug|Any CPU = Debug|Any CPU
		Release|Any CPU = Release|Any CPU
	EndGlobalSection
	GlobalSection(ProjectConfigurationPlatforms) = postSolution
		{71359EB5-5965-4A0B-BF15-F1FE81F4C911}.Debug|Any CPU.ActiveCfg = Debug|Any CPU
		{71359EB5-5965-4A0B-BF15-F1FE81F4C911}.Debug|Any CPU.Build.0 = Debug|Any CPU
		{71359EB5-5965-4A0B-BF15-F1FE81F4C911}.Release|Any CPU.ActiveCfg = Release|Any CPU
		{71359EB5-5965-4A0B-BF15-F1FE81F4C911}.Release|Any CPU.Build.0 = Release|Any CPU
	EndGlobalSection
	GlobalSection(SolutionProperties) = preSolution
		HideSolutionNode = FALSE
	EndGlobalSection
	GlobalSection(ExtensibilityGlobals) = postSolution
		SolutionGuid = {D68D3AC5-3AED-42EB-8A63-C392FBEAD9C6}
	EndGlobalSection
EndGlobal
